
Microsoft Visual Studio Solution File, Format Version 12.00
# Visual Studio Version 16
VisualStudioVersion = 16.0.810.21
MinimumVisualStudioVersion = 10.0.40219.1
Project("{FAE04EC0-301F-11D3-BF4B-00C04F79EFBC}") = "EricBlogProject", "EricBlogProject\EricBlogProject.csproj", "{E8929283-784F-44DC-B2F9-96021EEE3837}"
EndProject
Global
	GlobalSection(SolutionConfigurationPlatforms) = preSolution
		Debug|Any CPU = Debug|Any CPU
		Release|Any CPU = Release|Any CPU
	EndGlobalSection
	GlobalSection(ProjectConfigurationPlatforms) = postSolution
		{E8929283-784F-44DC-B2F9-96021EEE3837}.Debug|Any CPU.ActiveCfg = Debug|Any CPU
		{E8929283-784F-44DC-B2F9-96021EEE3837}.Debug|Any CPU.Build.0 = Debug|Any CPU
		{E8929283-784F-44DC-B2F9-96021EEE3837}.Release|Any CPU.ActiveCfg = Release|Any CPU
		{E8929283-784F-44DC-B2F9-96021EEE3837}.Release|Any CPU.Build.0 = Release|Any CPU
	EndGlobalSection
	GlobalSection(SolutionProperties) = preSolution
		HideSolutionNode = FALSE
	EndGlobalSection
	GlobalSection(ExtensibilityGlobals) = postSolution
		SolutionGuid = {23F01113-7A93-4C39-BC33-F41958526CE1}
	EndGlobalSection
EndGlobal
